
Microsoft Visual Studio Solution File, Format Version 12.00
# Visual Studio 15
VisualStudioVersion = 15.0.27004.2002
MinimumVisualStudioVersion = 10.0.40219.1
Project("{9A19103F-16F7-4668-BE54-9A1E7A4F7556}") = "Database", "Chandy-Misra-HaasAlgorithm\Database.csproj", "{9EF6B6BE-E124-4132-A393-DB320F3FC5A7}"
EndProject
Project("{9A19103F-16F7-4668-BE54-9A1E7A4F7556}") = "Controller1", "Controller1\Controller1.csproj", "{56DEF954-3B21-4E8B-8992-2F2AD8A7786E}"
EndProject
Project("{9A19103F-16F7-4668-BE54-9A1E7A4F7556}") = "Controller2", "Controller2\Controller2.csproj", "{AE833ED0-6433-4A32-B1A9-890E885471A4}"
EndProject
Project("{9A19103F-16F7-4668-BE54-9A1E7A4F7556}") = "Controller3", "Controller3\Controller3.csproj", "{C726BFD8-5857-418C-B4D7-F50A0BC46C21}"
EndProject
Project("{9A19103F-16F7-4668-BE54-9A1E7A4F7556}") = "Common", "Common\Common.csproj", "{6867E9CF-D545-42F5-9050-07C30A338029}"
EndProject
Project("{9A19103F-16F7-4668-BE54-9A1E7A4F7556}") = "ChandyMishra", "ChandyMishra\ChandyMishra.csproj", "{D73C11A1-981C-4A31-8457-62E25E86BF99}"
EndProject
Global
	GlobalSection(SolutionConfigurationPlatforms) = preSolution
		Debug|Any CPU = Debug|Any CPU
		Release|Any CPU = Release|Any CPU
	EndGlobalSection
	GlobalSection(ProjectConfigurationPlatforms) = postSolution
		{9EF6B6BE-E124-4132-A393-DB320F3FC5A7}.Debug|Any CPU.ActiveCfg = Debug|Any CPU
		{9EF6B6BE-E124-4132-A393-DB320F3FC5A7}.Debug|Any CPU.Build.0 = Debug|Any CPU
		{9EF6B6BE-E124-4132-A393-DB320F3FC5A7}.Release|Any CPU.ActiveCfg = Release|Any CPU
		{9EF6B6BE-E124-4132-A393-DB320F3FC5A7}.Release|Any CPU.Build.0 = Release|Any CPU
		{56DEF954-3B21-4E8B-8992-2F2AD8A7786E}.Debug|Any CPU.ActiveCfg = Debug|Any CPU
		{56DEF954-3B21-4E8B-8992-2F2AD8A7786E}.Debug|Any CPU.Build.0 = Debug|Any CPU
		{56DEF954-3B21-4E8B-8992-2F2AD8A7786E}.Release|Any CPU.ActiveCfg = Release|Any CPU
		{56DEF954-3B21-4E8B-8992-2F2AD8A7786E}.Release|Any CPU.Build.0 = Release|Any CPU
		{AE833ED0-6433-4A32-B1A9-890E885471A4}.Debug|Any CPU.ActiveCfg = Debug|Any CPU
		{AE833ED0-6433-4A32-B1A9-890E885471A4}.Debug|Any CPU.Build.0 = Debug|Any CPU
		{AE833ED0-6433-4A32-B1A9-890E885471A4}.Release|Any CPU.ActiveCfg = Release|Any CPU
		{AE833ED0-6433-4A32-B1A9-890E885471A4}.Release|Any CPU.Build.0 = Release|Any CPU
		{C726BFD8-5857-418C-B4D7-F50A0BC46C21}.Debug|Any CPU.ActiveCfg = Debug|Any CPU
		{C726BFD8-5857-418C-B4D7-F50A0BC46C21}.Debug|Any CPU.Build.0 = Debug|Any CPU
		{C726BFD8-5857-418C-B4D7-F50A0BC46C21}.Release|Any CPU.ActiveCfg = Release|Any CPU
		{C726BFD8-5857-418C-B4D7-F50A0BC46C21}.Release|Any CPU.Build.0 = Release|Any CPU
		{6867E9CF-D545-42F5-9050-07C30A338029}.Debug|Any CPU.ActiveCfg = Debug|Any CPU
		{6867E9CF-D545-42F5-9050-07C30A338029}.Debug|Any CPU.Build.0 = Debug|Any CPU
		{6867E9CF-D545-42F5-9050-07C30A338029}.Release|Any CPU.ActiveCfg = Release|Any CPU
		{6867E9CF-D545-42F5-9050-07C30A338029}.Release|Any CPU.Build.0 = Release|Any CPU
		{D73C11A1-981C-4A31-8457-62E25E86BF99}.Debug|Any CPU.ActiveCfg = Debug|Any CPU
		{D73C11A1-981C-4A31-8457-62E25E86BF99}.Debug|Any CPU.Build.0 = Debug|Any CPU
		{D73C11A1-981C-4A31-8457-62E25E86BF99}.Release|Any CPU.ActiveCfg = Release|Any CPU
		{D73C11A1-981C-4A31-8457-62E25E86BF99}.Release|Any CPU.Build.0 = Release|Any CPU
	EndGlobalSection
	GlobalSection(SolutionProperties) = preSolution
		HideSolutionNode = FALSE
	EndGlobalSection
	GlobalSection(ExtensibilityGlobals) = postSolution
		SolutionGuid = {BE014285-F2F7-4050-BBAB-06475C6FB1A8}
	EndGlobalSection
EndGlobal
